{
  "originHash" : "c7da8a22abd963dd8478f65ddb0288b6a08de6f24846305c5969d5c1540ed2c6",
  "pins" : [
    {
      "identity" : "swift-cmark",
      "kind" : "remoteSourceControl",
      "location" : "https://github.com/swiftlang/swift-cmark.git",
      "state" : {
        "revision" : "924936d0427cb25a61169739a7660230bffa6ea6",
        "version" : "0.8.0"
      }
    },
    {
      "identity" : "swift-markdown",
      "kind" : "remoteSourceControl",
      "location" : "https://github.com/apple/swift-markdown.git",
      "state" : {
        "revision" : "3c6f9523da3a1ec2fd829673e472d95b8097a3b8",
        "version" : "0.8.0"
      }
    },
    {
      "identity" : "swift-text-docx",
      "kind" : "remoteSourceControl",
      "location" : "https://github.com/arraypress/swift-text-docx.git",
      "state" : {
        "revision" : "a0755e097c6047427e605e41f06f899c8a873298",
        "version" : "0.1.0"
      }
    },
    {
      "identity" : "swift-text-pdf",
      "kind" : "remoteSourceControl",
      "location" : "https://github.com/arraypress/swift-text-pdf.git",
      "state" : {
        "revision" : "95e49306c8aca437de2faf1ddf0c10ab9a1516e8",
        "version" : "0.3.0"
      }
    }
  ],
  "version" : 3
}
